
Microsoft Visual Studio Solution File, Format Version 12.00
# Visual Studio Version 16
VisualStudioVersion = 16.0.31025.194
MinimumVisualStudioVersion = 10.0.40219.1
Project("{9A19103F-16F7-4668-BE54-9A1E7A4F7556}") = "RestaurantBooking", "RestaurantBooking\RestaurantBooking.csproj", "{F73AD620-A629-4AF1-B33D-D95E08CD6456}"
EndProject
Global
	GlobalSection(SolutionConfigurationPlatforms) = preSolution
		Debug|Any CPU = Debug|Any CPU
		Release|Any CPU = Release|Any CPU
	EndGlobalSection
	GlobalSection(ProjectConfigurationPlatforms) = postSolution
		{F73AD620-A629-4AF1-B33D-D95E08CD6456}.Debug|Any CPU.ActiveCfg = Debug|Any CPU
		{F73AD620-A629-4AF1-B33D-D95E08CD6456}.Debug|Any CPU.Build.0 = Debug|Any CPU
		{F73AD620-A629-4AF1-B33D-D95E08CD6456}.Release|Any CPU.ActiveCfg = Release|Any CPU
		{F73AD620-A629-4AF1-B33D-D95E08CD6456}.Release|Any CPU.Build.0 = Release|Any CPU
	EndGlobalSection
	GlobalSection(SolutionProperties) = preSolution
		HideSolutionNode = FALSE
	EndGlobalSection
	GlobalSection(ExtensibilityGlobals) = postSolution
		SolutionGuid = {FEE2FBD7-0748-4E96-B106-456FB426787C}
	EndGlobalSection
EndGlobal
